
Microsoft Visual Studio Solution File, Format Version 12.00
# Visual Studio 2017
Project("{FAE04EC0-301F-11D3-BF4B-00C04F79EFBC}") = "Tetris_homework1", "Tetris_homework1.csproj", "{93CBFF5A-59A0-293E-C01E-3870B9197537}"
EndProject
Project("{FAE04EC0-301F-11D3-BF4B-00C04F79EFBC}") = "Tetris_homework1.Editor", "Tetris_homework1.Editor.csproj", "{05FAAB8A-F069-F9DF-8587-9FD255E75AFE}"
EndProject
Global
	GlobalSection(SolutionConfigurationPlatforms) = preSolution
		Debug|Any CPU = Debug|Any CPU
		Release|Any CPU = Release|Any CPU
	EndGlobalSection
	GlobalSection(ProjectConfigurationPlatforms) = postSolution
		{93CBFF5A-59A0-293E-C01E-3870B9197537}.Debug|Any CPU.ActiveCfg = Debug|Any CPU
		{93CBFF5A-59A0-293E-C01E-3870B9197537}.Debug|Any CPU.Build.0 = Debug|Any CPU
		{93CBFF5A-59A0-293E-C01E-3870B9197537}.Release|Any CPU.ActiveCfg = Release|Any CPU
		{93CBFF5A-59A0-293E-C01E-3870B9197537}.Release|Any CPU.Build.0 = Release|Any CPU
		{05FAAB8A-F069-F9DF-8587-9FD255E75AFE}.Debug|Any CPU.ActiveCfg = Debug|Any CPU
		{05FAAB8A-F069-F9DF-8587-9FD255E75AFE}.Debug|Any CPU.Build.0 = Debug|Any CPU
		{05FAAB8A-F069-F9DF-8587-9FD255E75AFE}.Release|Any CPU.ActiveCfg = Release|Any CPU
		{05FAAB8A-F069-F9DF-8587-9FD255E75AFE}.Release|Any CPU.Build.0 = Release|Any CPU
	EndGlobalSection
	GlobalSection(SolutionProperties) = preSolution
		HideSolutionNode = FALSE
	EndGlobalSection
EndGlobal
